
Microsoft Visual Studio Solution File, Format Version 12.00
# Visual Studio Version 17
VisualStudioVersion = 17.14.36401.2 d17.14
MinimumVisualStudioVersion = 10.0.40219.1
Project("{FAE04EC0-301F-11D3-BF4B-00C04F79EFBC}") = "CargoTracker.Web", "CargoTracker.Web\CargoTracker.Web.csproj", "{178C513E-F2FA-40FB-85CB-FBB13060A021}"
EndProject
Project("{FAE04EC0-301F-11D3-BF4B-00C04F79EFBC}") = "CargoTracker.DataManager", "CargoTracker.DataManager\CargoTracker.DataManager.csproj", "{3A3D01A5-082F-40C5-83A9-404DA48618AF}"
EndProject
Global
	GlobalSection(SolutionConfigurationPlatforms) = preSolution
		Debug|Any CPU = Debug|Any CPU
		Release|Any CPU = Release|Any CPU
	EndGlobalSection
	GlobalSection(ProjectConfigurationPlatforms) = postSolution
		{178C513E-F2FA-40FB-85CB-FBB13060A021}.Debug|Any CPU.ActiveCfg = Debug|Any CPU
		{178C513E-F2FA-40FB-85CB-FBB13060A021}.Debug|Any CPU.Build.0 = Debug|Any CPU
		{178C513E-F2FA-40FB-85CB-FBB13060A021}.Release|Any CPU.ActiveCfg = Release|Any CPU
		{178C513E-F2FA-40FB-85CB-FBB13060A021}.Release|Any CPU.Build.0 = Release|Any CPU
		{3A3D01A5-082F-40C5-83A9-404DA48618AF}.Debug|Any CPU.ActiveCfg = Debug|Any CPU
		{3A3D01A5-082F-40C5-83A9-404DA48618AF}.Debug|Any CPU.Build.0 = Debug|Any CPU
		{3A3D01A5-082F-40C5-83A9-404DA48618AF}.Release|Any CPU.ActiveCfg = Release|Any CPU
		{3A3D01A5-082F-40C5-83A9-404DA48618AF}.Release|Any CPU.Build.0 = Release|Any CPU
	EndGlobalSection
	GlobalSection(SolutionProperties) = preSolution
		HideSolutionNode = FALSE
	EndGlobalSection
	GlobalSection(ExtensibilityGlobals) = postSolution
		SolutionGuid = {652849DE-A206-45E4-AF7C-1EDD703F68D2}
	EndGlobalSection
EndGlobal
